{
  "name": "front-end",
  "lockfileVersion": 2,
  "requires": true,
  "packages": {
    "": {
      "dependencies": {
        "deg2rad": "^1.0.0"
      }
    },
    "node_modules/deg2rad": {
      "version": "1.0.0",
      "resolved": "https://registry.npmjs.org/deg2rad/-/deg2rad-1.0.0.tgz",
      "integrity": "sha512-youBPW8GV5ZA8SiR6YdMho8Qxf7oQCB2Xy6zVqW5myxADv4XtFcV7DCJN9k8BRaH7X8TA1QO7dfDtmoy2lZTnw=="
    }
  },
  "dependencies": {
    "deg2rad": {
      "version": "1.0.0",
      "resolved": "https://registry.npmjs.org/deg2rad/-/deg2rad-1.0.0.tgz",
      "integrity": "sha512-youBPW8GV5ZA8SiR6YdMho8Qxf7oQCB2Xy6zVqW5myxADv4XtFcV7DCJN9k8BRaH7X8TA1QO7dfDtmoy2lZTnw=="
    }
  }
}
